
Microsoft Visual Studio Solution File, Format Version 12.00
# Visual Studio Version 17
VisualStudioVersion = 17.11.35327.3
MinimumVisualStudioVersion = 10.0.40219.1
Project("{FAE04EC0-301F-11D3-BF4B-00C04F79EFBC}") = "tasks", "tasks\tasks.csproj", "{D7E38615-FF0E-4C2B-9804-D0E55663D074}"
EndProject
Global
	GlobalSection(SolutionConfigurationPlatforms) = preSolution
		Debug|Any CPU = Debug|Any CPU
		Release|Any CPU = Release|Any CPU
	EndGlobalSection
	GlobalSection(ProjectConfigurationPlatforms) = postSolution
		{D7E38615-FF0E-4C2B-9804-D0E55663D074}.Debug|Any CPU.ActiveCfg = Debug|Any CPU
		{D7E38615-FF0E-4C2B-9804-D0E55663D074}.Debug|Any CPU.Build.0 = Debug|Any CPU
		{D7E38615-FF0E-4C2B-9804-D0E55663D074}.Release|Any CPU.ActiveCfg = Release|Any CPU
		{D7E38615-FF0E-4C2B-9804-D0E55663D074}.Release|Any CPU.Build.0 = Release|Any CPU
	EndGlobalSection
	GlobalSection(SolutionProperties) = preSolution
		HideSolutionNode = FALSE
	EndGlobalSection
	GlobalSection(ExtensibilityGlobals) = postSolution
		SolutionGuid = {913693E6-55A7-41AA-8A21-C5690829A0D7}
	EndGlobalSection
EndGlobal
